{
  "requires": true,
  "lockfileVersion": 1,
  "dependencies": {
    "debug": {
      "version": "2.6.9",
      "resolved": "https://registry.npmjs.org/debug/-/debug-2.6.9.tgz",
      "integrity": "sha512-bC7ElrdJaJnPbAP+1EotYvqZsb3ecl5wi6Bfi6BJTUcNowp6cvspg0jXznRTKDjm/E7AdgFBVeAPVMNcKGsHMA==",
      "requires": {
        "ms": "2.0.0"
      }
    },
    "jsonp": {
      "version": "0.2.1",
      "resolved": "https://registry.npmjs.org/jsonp/-/jsonp-0.2.1.tgz",
      "integrity": "sha1-pltPoPEL2nGaBUQep7lMVfPhW64=",
      "requires": {
        "debug": "^2.1.3"
      }
    },
    "keymirror": {
      "version": "0.1.1",
      "resolved": "https://registry.npmjs.org/keymirror/-/keymirror-0.1.1.tgz",
      "integrity": "sha1-kYiJ6hP40KQufFVyUO7nE63JXDU="
    },
    "ms": {
      "version": "2.0.0",
      "resolved": "https://registry.npmjs.org/ms/-/ms-2.0.0.tgz",
      "integrity": "sha1-VgiurfwAvmwpAd9fmGF4jeDVl8g="
    },
    "react-vimeo": {
      "version": "2.0.0",
      "resolved": "https://registry.npmjs.org/react-vimeo/-/react-vimeo-2.0.0.tgz",
      "integrity": "sha512-wRjoH/b3khsRNb5i4RAyefWQBKUnKdhLWlnqDabOI7du8vZSEluRNTiGYQ23bmFJBUu1RHhb7gTS5WI1VeUkiA==",
      "requires": {
        "debug": "^2.2.0",
        "jsonp": "^0.2.0",
        "keymirror": "^0.1.1"
      }
    },
    "uuid": {
      "version": "3.3.3",
      "resolved": "https://registry.npmjs.org/uuid/-/uuid-3.3.3.tgz",
      "integrity": "sha512-pW0No1RGHgzlpHJO1nsVrHKpOEIxkGg1xB+v0ZmdNH5OAeAwzAVrCnI2/6Mtx+Uys6iaylxa+D3g4j63IKKjSQ=="
    },
    "uuidv4": {
      "version": "6.0.0",
      "resolved": "https://registry.npmjs.org/uuidv4/-/uuidv4-6.0.0.tgz",
      "integrity": "sha512-KvtCP/4TGL1lU3CviYgWsSiKtJ+vi7FyJ0o+9RIGmJDVw1+O0lM+6pX127t5R6+EHzHOBnzG8zfWUufB4iECRw==",
      "requires": {
        "uuid": "3.3.3"
      }
    }
  }
}
